<?xml version="1.0" encoding="utf-8"?>
<Project ToolsVersion="4.0" xmlns="http://schemas.microsoft.com/developer/msbuild/2003">
  <ItemGroup>
    <Filter Include="Source Files">
      <UniqueIdentifier>{4FC737F1-C7A5-4376-A066-2A32D752A2FF}</UniqueIdentifier>
      <Extensions>cpp;c;cc;cxx;c++;cppm;ixx;def;odl;idl;hpj;bat;asm;asmx</Extensions>
    </Filter>
    <Filter Include="Header Files">
      <UniqueIdentifier>{93995380-89BD-4b04-88EB-625FBE52EBFB}</UniqueIdentifier>
      <Extensions>h;hh;hpp;hxx;h++;hm;inl;inc;ipp;xsd</Extensions>
    </Filter>
    <Filter Include="Resource Files">
      <UniqueIdentifier>{67DA6AB6-F800-4c08-8B7A-83BB121AAD01}</UniqueIdentifier>
      <Extensions>rc;ico;cur;bmp;dlg;rc2;rct;bin;rgs;gif;jpg;jpeg;jpe;resx;tiff;tif;png;wav;mfcribbon-ms</Extensions>
    </Filter>
  </ItemGroup>
  <ItemGroup>
    <ClCompile Include="C++ Ass2.cpp">
      <Filter>Source Files</Filter>
    </ClCompile>
    <ClCompile Include="src\Database.cpp">
      <Filter>Source Files</Filter>
    </ClCompile>
    <ClCompile Include="src\Student.cpp">
      <Filter>Source Files</Filter>
    </ClCompile>
    <ClCompile Include="src\Professor.cpp">
      <Filter>Source Files</Filter>
    </ClCompile>
    <ClCompile Include="src\Course.cpp">
      <Filter>Source Files</Filter>
    </ClCompile>
    <ClCompile Include="src\Grade.cpp">
      <Filter>Source Files</Filter>
    </ClCompile>
    <ClCompile Include="src\JsonHelper.cpp">
      <Filter>Source Files</Filter>
    </ClCompile>
    <ClCompile Include="src\Registration.cpp">
      <Filter>Source Files</Filter>
    </ClCompile>
    <ClCompile Include="src\Attendance.cpp">
      <Filter>Source Files</Filter>
    </ClCompile>
    <ClCompile Include="src\College.cpp">
      <Filter>Source Files</Filter>
    </ClCompile>
    <ClCompile Include="src\SessionManager.cpp">
      <Filter>Source Files</Filter>
    </ClCompile>
    <ClCompile Include="main.cpp">
      <Filter>Source Files</Filter>
    </ClCompile>
  </ItemGroup>
  <ItemGroup>
    <None Include="web\index.html" />
    <None Include="web\dashboard.html" />
    <None Include="web\students.html" />
    <None Include="web\css\style.css" />
    <None Include="web\js\app.js" />
    <None Include="web\my-grades.html" />
    <None Include="web\grades.html" />
    <None Include="README.md" />
    <None Include="web\professors.html" />
    <None Include="web\courses.html" />
    <None Include="web\halls.html" />
    <None Include="web\colleges.html" />
    <None Include="web\registrations.html" />
    <None Include="sql\schema.sql" />
    <None Include="web\attendance.html" />
    <None Include="sql\schema_v2.sql" />
    <None Include="setup.bat">
      <Filter>Source Files</Filter>
    </None>
    <None Include="setup_database.bat">
      <Filter>Source Files</Filter>
    </None>
    <None Include="run.bat">
      <Filter>Source Files</Filter>
    </None>
  </ItemGroup>
  <ItemGroup>
    <ClInclude Include="include\Database.h">
      <Filter>Header Files</Filter>
    </ClInclude>
    <ClInclude Include="include\Student.h">
      <Filter>Header Files</Filter>
    </ClInclude>
    <ClInclude Include="include\Professor.h">
      <Filter>Header Files</Filter>
    </ClInclude>
    <ClInclude Include="include\Course.h">
      <Filter>Header Files</Filter>
    </ClInclude>
    <ClInclude Include="include\Grade.h">
      <Filter>Header Files</Filter>
    </ClInclude>
    <ClInclude Include="include\College.h">
      <Filter>Header Files</Filter>
    </ClInclude>
    <ClInclude Include="include\Department.h">
      <Filter>Header Files</Filter>
    </ClInclude>
    <ClInclude Include="include\AcademicLevel.h">
      <Filter>Header Files</Filter>
    </ClInclude>
    <ClInclude Include="include\LectureHall.h">
      <Filter>Header Files</Filter>
    </ClInclude>
    <ClInclude Include="include\Laboratory.h">
      <Filter>Header Files</Filter>
    </ClInclude>
    <ClInclude Include="include\Registration.h">
      <Filter>Header Files</Filter>
    </ClInclude>
    <ClInclude Include="include\Attendance.h">
      <Filter>Header Files</Filter>
    </ClInclude>
    <ClInclude Include="include\Section.h">
      <Filter>Header Files</Filter>
    </ClInclude>
    <ClInclude Include="include\Schedule.h">
      <Filter>Header Files</Filter>
    </ClInclude>
    <ClInclude Include="include\JsonHelper.h">
      <Filter>Header Files</Filter>
    </ClInclude>
    <ClInclude Include="lib\webview.h">
      <Filter>Header Files</Filter>
    </ClInclude>
    <ClInclude Include="include\SessionManager.h">
      <Filter>Header Files</Filter>
    </ClInclude>
  </ItemGroup>
  <ItemGroup>
    <Text Include="CMakeLists.txt" />
  </ItemGroup>
</Project>